
Microsoft Visual Studio Solution File, Format Version 11.00
# Visual Studio 2010
Project("{FAE04EC0-301F-11D3-BF4B-00C04F79EFBC}") = "jQuery_Ajax_Demo01", "jQuery_Ajax_Demo01\jQuery_Ajax_Demo01.csproj", "{ABF8CDAE-5F4A-4D18-AB6E-9B0FC1D26DFB}"
EndProject
Global
	GlobalSection(SolutionConfigurationPlatforms) = preSolution
		Debug|Any CPU = Debug|Any CPU
		Release|Any CPU = Release|Any CPU
	EndGlobalSection
	GlobalSection(ProjectConfigurationPlatforms) = postSolution
		{ABF8CDAE-5F4A-4D18-AB6E-9B0FC1D26DFB}.Debug|Any CPU.ActiveCfg = Debug|Any CPU
		{ABF8CDAE-5F4A-4D18-AB6E-9B0FC1D26DFB}.Debug|Any CPU.Build.0 = Debug|Any CPU
		{ABF8CDAE-5F4A-4D18-AB6E-9B0FC1D26DFB}.Release|Any CPU.ActiveCfg = Release|Any CPU
		{ABF8CDAE-5F4A-4D18-AB6E-9B0FC1D26DFB}.Release|Any CPU.Build.0 = Release|Any CPU
	EndGlobalSection
	GlobalSection(SolutionProperties) = preSolution
		HideSolutionNode = FALSE
	EndGlobalSection
EndGlobal
