
Microsoft Visual Studio Solution File, Format Version 11.00
# Visual Studio 2010
Project("{FAE04EC0-301F-11D3-BF4B-00C04F79EFBC}") = "jQuery_Ajax_Demo00", "jQuery_Ajax_Demo00\jQuery_Ajax_Demo00.csproj", "{3FAE4F2E-294D-4457-983C-7B63A6DBCC50}"
EndProject
Global
	GlobalSection(SolutionConfigurationPlatforms) = preSolution
		Debug|Any CPU = Debug|Any CPU
		Release|Any CPU = Release|Any CPU
	EndGlobalSection
	GlobalSection(ProjectConfigurationPlatforms) = postSolution
		{3FAE4F2E-294D-4457-983C-7B63A6DBCC50}.Debug|Any CPU.ActiveCfg = Debug|Any CPU
		{3FAE4F2E-294D-4457-983C-7B63A6DBCC50}.Debug|Any CPU.Build.0 = Debug|Any CPU
		{3FAE4F2E-294D-4457-983C-7B63A6DBCC50}.Release|Any CPU.ActiveCfg = Release|Any CPU
		{3FAE4F2E-294D-4457-983C-7B63A6DBCC50}.Release|Any CPU.Build.0 = Release|Any CPU
	EndGlobalSection
	GlobalSection(MonoDevelopProperties) = preSolution
		StartupItem = jQuery_Ajax_Demo00\jQuery_Ajax_Demo00.csproj
		Policies = $0
		$0.DotNetNamingPolicy = $1
		$1.DirectoryNamespaceAssociation = None
		$1.ResourceNamePolicy = FileFormatDefault
		$0.TextStylePolicy = $2
		$2.FileWidth = 120
		$2.TabWidth = 3
		$2.IndentWidth = 3
		$2.inheritsSet = VisualStudio
		$2.inheritsScope = text/plain
		$2.scope = text/plain
		$0.TextStylePolicy = $3
		$3.FileWidth = 120
		$3.TabWidth = 3
		$3.IndentWidth = 3
		$3.inheritsSet = VisualStudio
		$3.inheritsScope = text/plain
		$3.scope = text/x-csharp
		$0.CSharpFormattingPolicy = $4
		$4.ElseIfNewLinePlacement = SameLine
		$4.AfterDelegateDeclarationParameterComma = True
		$4.inheritsSet = Mono
		$4.inheritsScope = text/x-csharp
		$4.scope = text/x-csharp
		$0.TextStylePolicy = $5
		$5.FileWidth = 120
		$5.TabWidth = 3
		$5.IndentWidth = 3
		$5.inheritsSet = VisualStudio
		$5.inheritsScope = text/plain
		$5.scope = application/config+xml
		$0.XmlFormattingPolicy = $6
		$6.inheritsSet = null
		$6.scope = application/config+xml
		$0.TextStylePolicy = $7
		$7.FileWidth = 120
		$7.TabWidth = 3
		$7.IndentWidth = 3
		$7.inheritsSet = VisualStudio
		$7.inheritsScope = text/plain
		$7.scope = application/xml
		$0.XmlFormattingPolicy = $8
		$8.inheritsSet = Mono
		$8.inheritsScope = application/xml
		$8.scope = application/xml
		$0.TextStylePolicy = $9
		$9.FileWidth = 120
		$9.TabWidth = 3
		$9.IndentWidth = 3
		$9.inheritsSet = VisualStudio
		$9.inheritsScope = text/plain
		$9.scope = application/x-aspx
		$0.TextStylePolicy = $10
		$10.FileWidth = 120
		$10.TabWidth = 3
		$10.IndentWidth = 3
		$10.inheritsSet = VisualStudio
		$10.inheritsScope = text/plain
		$10.scope = application/x-asax
		$0.TextStylePolicy = $11
		$11.FileWidth = 120
		$11.TabWidth = 3
		$11.IndentWidth = 3
		$11.inheritsSet = VisualStudio
		$11.inheritsScope = text/plain
		$11.scope = application/javascript
		$0.TextStylePolicy = $12
		$12.FileWidth = 120
		$12.TabWidth = 3
		$12.IndentWidth = 3
		$12.inheritsSet = VisualStudio
		$12.inheritsScope = text/plain
		$12.scope = text/css
	EndGlobalSection
EndGlobal
